
Microsoft Visual Studio Solution File, Format Version 12.00
# Visual Studio Version 17
VisualStudioVersion = 17.1.32228.430
MinimumVisualStudioVersion = 10.0.40219.1
Project("{8BC9CEB8-8B4A-11D0-8D11-00A0C91BC942}") = "堆排序", "堆排序.vcxproj", "{6609B094-A76E-4BF6-A78E-73B4ADC30C35}"
EndProject
Global
	GlobalSection(SolutionConfigurationPlatforms) = preSolution
		Debug|x64 = Debug|x64
		Debug|x86 = Debug|x86
		Release|x64 = Release|x64
		Release|x86 = Release|x86
	EndGlobalSection
	GlobalSection(ProjectConfigurationPlatforms) = postSolution
		{6609B094-A76E-4BF6-A78E-73B4ADC30C35}.Debug|x64.ActiveCfg = Debug|x64
		{6609B094-A76E-4BF6-A78E-73B4ADC30C35}.Debug|x64.Build.0 = Debug|x64
		{6609B094-A76E-4BF6-A78E-73B4ADC30C35}.Debug|x86.ActiveCfg = Debug|Win32
		{6609B094-A76E-4BF6-A78E-73B4ADC30C35}.Debug|x86.Build.0 = Debug|Win32
		{6609B094-A76E-4BF6-A78E-73B4ADC30C35}.Release|x64.ActiveCfg = Release|x64
		{6609B094-A76E-4BF6-A78E-73B4ADC30C35}.Release|x64.Build.0 = Release|x64
		{6609B094-A76E-4BF6-A78E-73B4ADC30C35}.Release|x86.ActiveCfg = Release|Win32
		{6609B094-A76E-4BF6-A78E-73B4ADC30C35}.Release|x86.Build.0 = Release|Win32
	EndGlobalSection
	GlobalSection(SolutionProperties) = preSolution
		HideSolutionNode = FALSE
	EndGlobalSection
	GlobalSection(ExtensibilityGlobals) = postSolution
		SolutionGuid = {79CD862C-F96F-4699-ADF1-D91ED7927748}
	EndGlobalSection
EndGlobal
